// !$*UTF8*$!
{
	archiveVersion = 1;
	classes = {
	};
	objectVersion = 46;
	objects = {

/* Begin PBXBuildFile section */
		66D1AC031F760C24009CA587 /* errorCustom.c in Sources */ = {isa = PBXBuildFile; fileRef = 66D1ABFA1F760C24009CA587 /* errorCustom.c */; };
		66D1AC041F760C24009CA587 /* errorCustom.h in Sources */ = {isa = PBXBuildFile; fileRef = 66D1ABFB1F760C24009CA587 /* errorCustom.h */; };
		66D1AC051F760C24009CA587 /* unp.h in Sources */ = {isa = PBXBuildFile; fileRef = 66D1ABFC1F760C24009CA587 /* unp.h */; };
		66D1AC061F760C24009CA587 /* wrapSock.c in Sources */ = {isa = PBXBuildFile; fileRef = 66D1ABFD1F760C24009CA587 /* wrapSock.c */; };
		66D1AC071F760C24009CA587 /* wrapSock.h in Sources */ = {isa = PBXBuildFile; fileRef = 66D1ABFE1F760C24009CA587 /* wrapSock.h */; };
		66D1AC081F760C24009CA587 /* wrapUnix.c in Sources */ = {isa = PBXBuildFile; fileRef = 66D1ABFF1F760C24009CA587 /* wrapUnix.c */; };
		66D1AC091F760C24009CA587 /* wrapUnix.h in Sources */ = {isa = PBXBuildFile; fileRef = 66D1AC001F760C24009CA587 /* wrapUnix.h */; };
		66D1AC0A1F760C24009CA587 /* writen.c in Sources */ = {isa = PBXBuildFile; fileRef = 66D1AC011F760C24009CA587 /* writen.c */; };
		66D1AC0B1F760C24009CA587 /* writen.h in Sources */ = {isa = PBXBuildFile; fileRef = 66D1AC021F760C24009CA587 /* writen.h */; };
		66FAC71C1F7145D10066AB9B /* main.c in Sources */ = {isa = PBXBuildFile; fileRef = 66FAC71B1F7145D10066AB9B /* main.c */; };
/* End PBXBuildFile section */

/* Begin PBXCopyFilesBuildPhase section */
		66FAC7161F7145D10066AB9B /* CopyFiles */ = {
			isa = PBXCopyFilesBuildPhase;
			buildActionMask = 2147483647;
			dstPath = /usr/share/man/man1/;
			dstSubfolderSpec = 0;
			files = (
			);
			runOnlyForDeploymentPostprocessing = 1;
		};
/* End PBXCopyFilesBuildPhase section */

/* Begin PBXFileReference section */
		66D1ABDF1F760BB9009CA587 /* errorCustom.c */ = {isa = PBXFileReference; lastKnownFileType = sourcecode.c.c; name = errorCustom.c; path = ../Public/errorCustom.c; sourceTree = "<group>"; };
		66D1ABE01F760BB9009CA587 /* errorCustom.h */ = {isa = PBXFileReference; lastKnownFileType = sourcecode.c.h; name = errorCustom.h; path = ../Public/errorCustom.h; sourceTree = "<group>"; };
		66D1ABE11F760BB9009CA587 /* unp.h */ = {isa = PBXFileReference; lastKnownFileType = sourcecode.c.h; name = unp.h; path = ../Public/unp.h; sourceTree = "<group>"; };
		66D1ABE21F760BB9009CA587 /* wrapSock.c */ = {isa = PBXFileReference; lastKnownFileType = sourcecode.c.c; name = wrapSock.c; path = ../Public/wrapSock.c; sourceTree = "<group>"; };
		66D1ABE31F760BB9009CA587 /* wrapSock.h */ = {isa = PBXFileReference; lastKnownFileType = sourcecode.c.h; name = wrapSock.h; path = ../Public/wrapSock.h; sourceTree = "<group>"; };
		66D1ABE41F760BB9009CA587 /* wrapUnix.c */ = {isa = PBXFileReference; lastKnownFileType = sourcecode.c.c; name = wrapUnix.c; path = ../Public/wrapUnix.c; sourceTree = "<group>"; };
		66D1ABE51F760BB9009CA587 /* wrapUnix.h */ = {isa = PBXFileReference; lastKnownFileType = sourcecode.c.h; name = wrapUnix.h; path = ../Public/wrapUnix.h; sourceTree = "<group>"; };
		66D1ABE61F760BB9009CA587 /* writen.c */ = {isa = PBXFileReference; lastKnownFileType = sourcecode.c.c; name = writen.c; path = ../Public/writen.c; sourceTree = "<group>"; };
		66D1ABE71F760BB9009CA587 /* writen.h */ = {isa = PBXFileReference; lastKnownFileType = sourcecode.c.h; name = writen.h; path = ../Public/writen.h; sourceTree = "<group>"; };
		66D1ABFA1F760C24009CA587 /* errorCustom.c */ = {isa = PBXFileReference; lastKnownFileType = sourcecode.c.c; name = errorCustom.c; path = ../Public/errorCustom.c; sourceTree = "<group>"; };
		66D1ABFB1F760C24009CA587 /* errorCustom.h */ = {isa = PBXFileReference; lastKnownFileType = sourcecode.c.h; name = errorCustom.h; path = ../Public/errorCustom.h; sourceTree = "<group>"; };
		66D1ABFC1F760C24009CA587 /* unp.h */ = {isa = PBXFileReference; lastKnownFileType = sourcecode.c.h; name = unp.h; path = ../Public/unp.h; sourceTree = "<group>"; };
		66D1ABFD1F760C24009CA587 /* wrapSock.c */ = {isa = PBXFileReference; lastKnownFileType = sourcecode.c.c; name = wrapSock.c; path = ../Public/wrapSock.c; sourceTree = "<group>"; };
		66D1ABFE1F760C24009CA587 /* wrapSock.h */ = {isa = PBXFileReference; lastKnownFileType = sourcecode.c.h; name = wrapSock.h; path = ../Public/wrapSock.h; sourceTree = "<group>"; };
		66D1ABFF1F760C24009CA587 /* wrapUnix.c */ = {isa = PBXFileReference; lastKnownFileType = sourcecode.c.c; name = wrapUnix.c; path = ../Public/wrapUnix.c; sourceTree = "<group>"; };
		66D1AC001F760C24009CA587 /* wrapUnix.h */ = {isa = PBXFileReference; lastKnownFileType = sourcecode.c.h; name = wrapUnix.h; path = ../Public/wrapUnix.h; sourceTree = "<group>"; };
		66D1AC011F760C24009CA587 /* writen.c */ = {isa = PBXFileReference; lastKnownFileType = sourcecode.c.c; name = writen.c; path = ../Public/writen.c; sourceTree = "<group>"; };
		66D1AC021F760C24009CA587 /* writen.h */ = {isa = PBXFileReference; lastKnownFileType = sourcecode.c.h; name = writen.h; path = ../Public/writen.h; sourceTree = "<group>"; };
		66FAC7181F7145D10066AB9B /* EchoServerV2 */ = {isa = PBXFileReference; explicitFileType = "compiled.mach-o.executable"; includeInIndex = 0; path = EchoServerV2; sourceTree = BUILT_PRODUCTS_DIR; };
		66FAC71B1F7145D10066AB9B /* main.c */ = {isa = PBXFileReference; lastKnownFileType = sourcecode.c.c; path = main.c; sourceTree = "<group>"; };
/* End PBXFileReference section */

/* Begin PBXFrameworksBuildPhase section */
		66FAC7151F7145D10066AB9B /* Frameworks */ = {
			isa = PBXFrameworksBuildPhase;
			buildActionMask = 2147483647;
			files = (
			);
			runOnlyForDeploymentPostprocessing = 0;
		};
/* End PBXFrameworksBuildPhase section */

/* Begin PBXGroup section */
		66D1ABDE1F760BB8009CA587 /* Frameworks */ = {
			isa = PBXGroup;
			children = (
				66D1ABDF1F760BB9009CA587 /* errorCustom.c */,
				66D1ABE01F760BB9009CA587 /* errorCustom.h */,
				66D1ABE11F760BB9009CA587 /* unp.h */,
				66D1ABE21F760BB9009CA587 /* wrapSock.c */,
				66D1ABE31F760BB9009CA587 /* wrapSock.h */,
				66D1ABE41F760BB9009CA587 /* wrapUnix.c */,
				66D1ABE51F760BB9009CA587 /* wrapUnix.h */,
				66D1ABE61F760BB9009CA587 /* writen.c */,
				66D1ABE71F760BB9009CA587 /* writen.h */,
			);
			name = Frameworks;
			sourceTree = "<group>";
		};
		66FAC70F1F7145D10066AB9B = {
			isa = PBXGroup;
			children = (
				66D1ABFA1F760C24009CA587 /* errorCustom.c */,
				66D1ABFB1F760C24009CA587 /* errorCustom.h */,
				66D1ABFC1F760C24009CA587 /* unp.h */,
				66D1ABFD1F760C24009CA587 /* wrapSock.c */,
				66D1ABFE1F760C24009CA587 /* wrapSock.h */,
				66D1ABFF1F760C24009CA587 /* wrapUnix.c */,
				66D1AC001F760C24009CA587 /* wrapUnix.h */,
				66D1AC011F760C24009CA587 /* writen.c */,
				66D1AC021F760C24009CA587 /* writen.h */,
				66FAC71A1F7145D10066AB9B /* EchoServerV2 */,
				66FAC7191F7145D10066AB9B /* Products */,
				66D1ABDE1F760BB8009CA587 /* Frameworks */,
			);
			sourceTree = "<group>";
		};
		66FAC7191F7145D10066AB9B /* Products */ = {
			isa = PBXGroup;
			children = (
				66FAC7181F7145D10066AB9B /* EchoServerV2 */,
			);
			name = Products;
			sourceTree = "<group>";
		};
		66FAC71A1F7145D10066AB9B /* EchoServerV2 */ = {
			isa = PBXGroup;
			children = (
				66FAC71B1F7145D10066AB9B /* main.c */,
			);
			path = EchoServerV2;
			sourceTree = "<group>";
		};
/* End PBXGroup section */

/* Begin PBXNativeTarget section */
		66FAC7171F7145D10066AB9B /* EchoServerV2 */ = {
			isa = PBXNativeTarget;
			buildConfigurationList = 66FAC71F1F7145D10066AB9B /* Build configuration list for PBXNativeTarget "EchoServerV2" */;
			buildPhases = (
				66FAC7141F7145D10066AB9B /* Sources */,
				66FAC7151F7145D10066AB9B /* Frameworks */,
				66FAC7161F7145D10066AB9B /* CopyFiles */,
			);
			buildRules = (
			);
			dependencies = (
			);
			name = EchoServerV2;
			productName = EchoServerV2;
			productReference = 66FAC7181F7145D10066AB9B /* EchoServerV2 */;
			productType = "com.apple.product-type.tool";
		};
/* End PBXNativeTarget section */

/* Begin PBXProject section */
		66FAC7101F7145D10066AB9B /* Project object */ = {
			isa = PBXProject;
			attributes = {
				LastUpgradeCheck = 0800;
				ORGANIZATIONNAME = "陈行";
				TargetAttributes = {
					66FAC7171F7145D10066AB9B = {
						CreatedOnToolsVersion = 8.0;
						DevelopmentTeam = HTD8US8PM8;
						ProvisioningStyle = Automatic;
					};
				};
			};
			buildConfigurationList = 66FAC7131F7145D10066AB9B /* Build configuration list for PBXProject "EchoServerV2" */;
			compatibilityVersion = "Xcode 3.2";
			developmentRegion = English;
			hasScannedForEncodings = 0;
			knownRegions = (
				en,
			);
			mainGroup = 66FAC70F1F7145D10066AB9B;
			productRefGroup = 66FAC7191F7145D10066AB9B /* Products */;
			projectDirPath = "";
			projectRoot = "";
			targets = (
				66FAC7171F7145D10066AB9B /* EchoServerV2 */,
			);
		};
/* End PBXProject section */

/* Begin PBXSourcesBuildPhase section */
		66FAC7141F7145D10066AB9B /* Sources */ = {
			isa = PBXSourcesBuildPhase;
			buildActionMask = 2147483647;
			files = (
				66D1AC031F760C24009CA587 /* errorCustom.c in Sources */,
				66D1AC041F760C24009CA587 /* errorCustom.h in Sources */,
				66D1AC051F760C24009CA587 /* unp.h in Sources */,
				66D1AC061F760C24009CA587 /* wrapSock.c in Sources */,
				66D1AC071F760C24009CA587 /* wrapSock.h in Sources */,
				66D1AC081F760C24009CA587 /* wrapUnix.c in Sources */,
				66D1AC091F760C24009CA587 /* wrapUnix.h in Sources */,
				66D1AC0A1F760C24009CA587 /* writen.c in Sources */,
				66D1AC0B1F760C24009CA587 /* writen.h in Sources */,
				66FAC71C1F7145D10066AB9B /* main.c in Sources */,
			);
			runOnlyForDeploymentPostprocessing = 0;
		};
/* End PBXSourcesBuildPhase section */

/* Begin XCBuildConfiguration section */
		66FAC71D1F7145D10066AB9B /* Debug */ = {
			isa = XCBuildConfiguration;
			buildSettings = {
				ALWAYS_SEARCH_USER_PATHS = NO;
				CLANG_ANALYZER_NONNULL = YES;
				CLANG_CXX_LANGUAGE_STANDARD = "gnu++0x";
				CLANG_CXX_LIBRARY = "libc++";
				CLANG_ENABLE_MODULES = YES;
				CLANG_ENABLE_OBJC_ARC = YES;
				CLANG_WARN_BOOL_CONVERSION = YES;
				CLANG_WARN_CONSTANT_CONVERSION = YES;
				CLANG_WARN_DIRECT_OBJC_ISA_USAGE = YES_ERROR;
				CLANG_WARN_DOCUMENTATION_COMMENTS = YES;
				CLANG_WARN_EMPTY_BODY = YES;
				CLANG_WARN_ENUM_CONVERSION = YES;
				CLANG_WARN_INFINITE_RECURSION = YES;
				CLANG_WARN_INT_CONVERSION = YES;
				CLANG_WARN_OBJC_ROOT_CLASS = YES_ERROR;
				CLANG_WARN_SUSPICIOUS_MOVES = YES;
				CLANG_WARN_UNREACHABLE_CODE = YES;
				CLANG_WARN__DUPLICATE_METHOD_MATCH = YES;
				CODE_SIGN_IDENTITY = "-";
				COPY_PHASE_STRIP = NO;
				DEBUG_INFORMATION_FORMAT = dwarf;
				ENABLE_STRICT_OBJC_MSGSEND = YES;
				ENABLE_TESTABILITY = YES;
				GCC_C_LANGUAGE_STANDARD = gnu99;
				GCC_DYNAMIC_NO_PIC = NO;
				GCC_NO_COMMON_BLOCKS = YES;
				GCC_OPTIMIZATION_LEVEL = 0;
				GCC_PREPROCESSOR_DEFINITIONS = (
					"DEBUG=1",
					"$(inherited)",
				);
				GCC_WARN_64_TO_32_BIT_CONVERSION = YES;
				GCC_WARN_ABOUT_RETURN_TYPE = YES_ERROR;
				GCC_WARN_UNDECLARED_SELECTOR = YES;
				GCC_WARN_UNINITIALIZED_AUTOS = YES_AGGRESSIVE;
				GCC_WARN_UNUSED_FUNCTION = YES;
				GCC_WARN_UNUSED_VARIABLE = YES;
				MACOSX_DEPLOYMENT_TARGET = 10.11;
				MTL_ENABLE_DEBUG_INFO = YES;
				ONLY_ACTIVE_ARCH = YES;
				SDKROOT = macosx;
			};
			name = Debug;
		};
		66FAC71E1F7145D10066AB9B /* Release */ = {
			isa = XCBuildConfiguration;
			buildSettings = {
				ALWAYS_SEARCH_USER_PATHS = NO;
				CLANG_ANALYZER_NONNULL = YES;
				CLANG_CXX_LANGUAGE_STANDARD = "gnu++0x";
				CLANG_CXX_LIBRARY = "libc++";
				CLANG_ENABLE_MODULES = YES;
				CLANG_ENABLE_OBJC_ARC = YES;
				CLANG_WARN_BOOL_CONVERSION = YES;
				CLANG_WARN_CONSTANT_CONVERSION = YES;
				CLANG_WARN_DIRECT_OBJC_ISA_USAGE = YES_ERROR;
				CLANG_WARN_DOCUMENTATION_COMMENTS = YES;
				CLANG_WARN_EMPTY_BODY = YES;
				CLANG_WARN_ENUM_CONVERSION = YES;
				CLANG_WARN_INFINITE_RECURSION = YES;
				CLANG_WARN_INT_CONVERSION = YES;
				CLANG_WARN_OBJC_ROOT_CLASS = YES_ERROR;
				CLANG_WARN_SUSPICIOUS_MOVES = YES;
				CLANG_WARN_UNREACHABLE_CODE = YES;
				CLANG_WARN__DUPLICATE_METHOD_MATCH = YES;
				CODE_SIGN_IDENTITY = "-";
				COPY_PHASE_STRIP = NO;
				DEBUG_INFORMATION_FORMAT = "dwarf-with-dsym";
				ENABLE_NS_ASSERTIONS = NO;
				ENABLE_STRICT_OBJC_MSGSEND = YES;
				GCC_C_LANGUAGE_STANDARD = gnu99;
				GCC_NO_COMMON_BLOCKS = YES;
				GCC_WARN_64_TO_32_BIT_CONVERSION = YES;
				GCC_WARN_ABOUT_RETURN_TYPE = YES_ERROR;
				GCC_WARN_UNDECLARED_SELECTOR = YES;
				GCC_WARN_UNINITIALIZED_AUTOS = YES_AGGRESSIVE;
				GCC_WARN_UNUSED_FUNCTION = YES;
				GCC_WARN_UNUSED_VARIABLE = YES;
				MACOSX_DEPLOYMENT_TARGET = 10.11;
				MTL_ENABLE_DEBUG_INFO = NO;
				SDKROOT = macosx;
			};
			name = Release;
		};
		66FAC7201F7145D10066AB9B /* Debug */ = {
			isa = XCBuildConfiguration;
			buildSettings = {
				DEVELOPMENT_TEAM = HTD8US8PM8;
				HEADER_SEARCH_PATHS = (
					"${PROJECT_DIR}/../UnixLibary/UnixLibary/**",
					"${PROJECT_DIR}/../Public/**",
				);
				PRODUCT_NAME = "$(TARGET_NAME)";
			};
			name = Debug;
		};
		66FAC7211F7145D10066AB9B /* Release */ = {
			isa = XCBuildConfiguration;
			buildSettings = {
				DEVELOPMENT_TEAM = HTD8US8PM8;
				HEADER_SEARCH_PATHS = (
					"${PROJECT_DIR}/../UnixLibary/UnixLibary/**",
					"${PROJECT_DIR}/../Public/**",
				);
				PRODUCT_NAME = "$(TARGET_NAME)";
			};
			name = Release;
		};
/* End XCBuildConfiguration section */

/* Begin XCConfigurationList section */
		66FAC7131F7145D10066AB9B /* Build configuration list for PBXProject "EchoServerV2" */ = {
			isa = XCConfigurationList;
			buildConfigurations = (
				66FAC71D1F7145D10066AB9B /* Debug */,
				66FAC71E1F7145D10066AB9B /* Release */,
			);
			defaultConfigurationIsVisible = 0;
			defaultConfigurationName = Release;
		};
		66FAC71F1F7145D10066AB9B /* Build configuration list for PBXNativeTarget "EchoServerV2" */ = {
			isa = XCConfigurationList;
			buildConfigurations = (
				66FAC7201F7145D10066AB9B /* Debug */,
				66FAC7211F7145D10066AB9B /* Release */,
			);
			defaultConfigurationIsVisible = 0;
			defaultConfigurationName = Release;
		};
/* End XCConfigurationList section */
	};
	rootObject = 66FAC7101F7145D10066AB9B /* Project object */;
}
