// !$*UTF8*$!
{
	archiveVersion = 1;
	classes = {
	};
	objectVersion = 48;
	objects = {

/* Begin PBXBuildFile section */
		311FE0A61F7CB3AF00F58B95 /* main.m in Sources */ = {isa = PBXBuildFile; fileRef = 311FE0A51F7CB3AF00F58B95 /* main.m */; };
		311FE0B91F7CB3D600F58B95 /* signalCustom.c in Sources */ = {isa = PBXBuildFile; fileRef = 311FE0AE1F7CB3D500F58B95 /* signalCustom.c */; };
		311FE0BA1F7CB3D600F58B95 /* wrapStdio.c in Sources */ = {isa = PBXBuildFile; fileRef = 311FE0B11F7CB3D500F58B95 /* wrapStdio.c */; };
		311FE0BB1F7CB3D600F58B95 /* wrapUnix.c in Sources */ = {isa = PBXBuildFile; fileRef = 311FE0B31F7CB3D600F58B95 /* wrapUnix.c */; };
		311FE0BC1F7CB3D600F58B95 /* errorCustom.c in Sources */ = {isa = PBXBuildFile; fileRef = 311FE0B41F7CB3D600F58B95 /* errorCustom.c */; };
		311FE0BD1F7CB3D600F58B95 /* writen.c in Sources */ = {isa = PBXBuildFile; fileRef = 311FE0B51F7CB3D600F58B95 /* writen.c */; };
		311FE0BE1F7CB3D600F58B95 /* wrapSock.c in Sources */ = {isa = PBXBuildFile; fileRef = 311FE0B71F7CB3D600F58B95 /* wrapSock.c */; };
/* End PBXBuildFile section */

/* Begin PBXCopyFilesBuildPhase section */
		311FE0A01F7CB3AF00F58B95 /* CopyFiles */ = {
			isa = PBXCopyFilesBuildPhase;
			buildActionMask = 2147483647;
			dstPath = /usr/share/man/man1/;
			dstSubfolderSpec = 0;
			files = (
			);
			runOnlyForDeploymentPostprocessing = 1;
		};
/* End PBXCopyFilesBuildPhase section */

/* Begin PBXFileReference section */
		311FE0A21F7CB3AF00F58B95 /* getHostByName */ = {isa = PBXFileReference; explicitFileType = "compiled.mach-o.executable"; includeInIndex = 0; path = getHostByName; sourceTree = BUILT_PRODUCTS_DIR; };
		311FE0A51F7CB3AF00F58B95 /* main.m */ = {isa = PBXFileReference; lastKnownFileType = sourcecode.c.objc; path = main.m; sourceTree = "<group>"; };
		311FE0AC1F7CB3D500F58B95 /* errorCustom.h */ = {isa = PBXFileReference; fileEncoding = 4; lastKnownFileType = sourcecode.c.h; name = errorCustom.h; path = ../../../Public/errorCustom.h; sourceTree = "<group>"; };
		311FE0AD1F7CB3D500F58B95 /* wrapUnix.h */ = {isa = PBXFileReference; fileEncoding = 4; lastKnownFileType = sourcecode.c.h; name = wrapUnix.h; path = ../../../Public/wrapUnix.h; sourceTree = "<group>"; };
		311FE0AE1F7CB3D500F58B95 /* signalCustom.c */ = {isa = PBXFileReference; fileEncoding = 4; lastKnownFileType = sourcecode.c.c; name = signalCustom.c; path = ../../../Public/signalCustom.c; sourceTree = "<group>"; };
		311FE0AF1F7CB3D500F58B95 /* wrapStdio.h */ = {isa = PBXFileReference; fileEncoding = 4; lastKnownFileType = sourcecode.c.h; name = wrapStdio.h; path = ../../../Public/wrapStdio.h; sourceTree = "<group>"; };
		311FE0B01F7CB3D500F58B95 /* signalCustom.h */ = {isa = PBXFileReference; fileEncoding = 4; lastKnownFileType = sourcecode.c.h; name = signalCustom.h; path = ../../../Public/signalCustom.h; sourceTree = "<group>"; };
		311FE0B11F7CB3D500F58B95 /* wrapStdio.c */ = {isa = PBXFileReference; fileEncoding = 4; lastKnownFileType = sourcecode.c.c; name = wrapStdio.c; path = ../../../Public/wrapStdio.c; sourceTree = "<group>"; };
		311FE0B21F7CB3D500F58B95 /* wrapSock.h */ = {isa = PBXFileReference; fileEncoding = 4; lastKnownFileType = sourcecode.c.h; name = wrapSock.h; path = ../../../Public/wrapSock.h; sourceTree = "<group>"; };
		311FE0B31F7CB3D600F58B95 /* wrapUnix.c */ = {isa = PBXFileReference; fileEncoding = 4; lastKnownFileType = sourcecode.c.c; name = wrapUnix.c; path = ../../../Public/wrapUnix.c; sourceTree = "<group>"; };
		311FE0B41F7CB3D600F58B95 /* errorCustom.c */ = {isa = PBXFileReference; fileEncoding = 4; lastKnownFileType = sourcecode.c.c; name = errorCustom.c; path = ../../../Public/errorCustom.c; sourceTree = "<group>"; };
		311FE0B51F7CB3D600F58B95 /* writen.c */ = {isa = PBXFileReference; fileEncoding = 4; lastKnownFileType = sourcecode.c.c; name = writen.c; path = ../../../Public/writen.c; sourceTree = "<group>"; };
		311FE0B61F7CB3D600F58B95 /* unp.h */ = {isa = PBXFileReference; fileEncoding = 4; lastKnownFileType = sourcecode.c.h; name = unp.h; path = ../../../Public/unp.h; sourceTree = "<group>"; };
		311FE0B71F7CB3D600F58B95 /* wrapSock.c */ = {isa = PBXFileReference; fileEncoding = 4; lastKnownFileType = sourcecode.c.c; name = wrapSock.c; path = ../../../Public/wrapSock.c; sourceTree = "<group>"; };
		311FE0B81F7CB3D600F58B95 /* writen.h */ = {isa = PBXFileReference; fileEncoding = 4; lastKnownFileType = sourcecode.c.h; name = writen.h; path = ../../../Public/writen.h; sourceTree = "<group>"; };
/* End PBXFileReference section */

/* Begin PBXFrameworksBuildPhase section */
		311FE09F1F7CB3AF00F58B95 /* Frameworks */ = {
			isa = PBXFrameworksBuildPhase;
			buildActionMask = 2147483647;
			files = (
			);
			runOnlyForDeploymentPostprocessing = 0;
		};
/* End PBXFrameworksBuildPhase section */

/* Begin PBXGroup section */
		311FE0991F7CB3AF00F58B95 = {
			isa = PBXGroup;
			children = (
				311FE0B41F7CB3D600F58B95 /* errorCustom.c */,
				311FE0AC1F7CB3D500F58B95 /* errorCustom.h */,
				311FE0AE1F7CB3D500F58B95 /* signalCustom.c */,
				311FE0B01F7CB3D500F58B95 /* signalCustom.h */,
				311FE0B61F7CB3D600F58B95 /* unp.h */,
				311FE0B71F7CB3D600F58B95 /* wrapSock.c */,
				311FE0B21F7CB3D500F58B95 /* wrapSock.h */,
				311FE0B11F7CB3D500F58B95 /* wrapStdio.c */,
				311FE0AF1F7CB3D500F58B95 /* wrapStdio.h */,
				311FE0B31F7CB3D600F58B95 /* wrapUnix.c */,
				311FE0AD1F7CB3D500F58B95 /* wrapUnix.h */,
				311FE0B51F7CB3D600F58B95 /* writen.c */,
				311FE0B81F7CB3D600F58B95 /* writen.h */,
				311FE0A41F7CB3AF00F58B95 /* getHostByName */,
				311FE0A31F7CB3AF00F58B95 /* Products */,
			);
			sourceTree = "<group>";
		};
		311FE0A31F7CB3AF00F58B95 /* Products */ = {
			isa = PBXGroup;
			children = (
				311FE0A21F7CB3AF00F58B95 /* getHostByName */,
			);
			name = Products;
			sourceTree = "<group>";
		};
		311FE0A41F7CB3AF00F58B95 /* getHostByName */ = {
			isa = PBXGroup;
			children = (
				311FE0A51F7CB3AF00F58B95 /* main.m */,
			);
			path = getHostByName;
			sourceTree = "<group>";
		};
/* End PBXGroup section */

/* Begin PBXNativeTarget section */
		311FE0A11F7CB3AF00F58B95 /* getHostByName */ = {
			isa = PBXNativeTarget;
			buildConfigurationList = 311FE0A91F7CB3AF00F58B95 /* Build configuration list for PBXNativeTarget "getHostByName" */;
			buildPhases = (
				311FE09E1F7CB3AF00F58B95 /* Sources */,
				311FE09F1F7CB3AF00F58B95 /* Frameworks */,
				311FE0A01F7CB3AF00F58B95 /* CopyFiles */,
			);
			buildRules = (
			);
			dependencies = (
			);
			name = getHostByName;
			productName = getHostByName;
			productReference = 311FE0A21F7CB3AF00F58B95 /* getHostByName */;
			productType = "com.apple.product-type.tool";
		};
/* End PBXNativeTarget section */

/* Begin PBXProject section */
		311FE09A1F7CB3AF00F58B95 /* Project object */ = {
			isa = PBXProject;
			attributes = {
				LastUpgradeCheck = 0900;
				ORGANIZATIONNAME = mySelf;
				TargetAttributes = {
					311FE0A11F7CB3AF00F58B95 = {
						CreatedOnToolsVersion = 9.0;
						ProvisioningStyle = Automatic;
					};
				};
			};
			buildConfigurationList = 311FE09D1F7CB3AF00F58B95 /* Build configuration list for PBXProject "getHostByName" */;
			compatibilityVersion = "Xcode 8.0";
			developmentRegion = en;
			hasScannedForEncodings = 0;
			knownRegions = (
				en,
			);
			mainGroup = 311FE0991F7CB3AF00F58B95;
			productRefGroup = 311FE0A31F7CB3AF00F58B95 /* Products */;
			projectDirPath = "";
			projectRoot = "";
			targets = (
				311FE0A11F7CB3AF00F58B95 /* getHostByName */,
			);
		};
/* End PBXProject section */

/* Begin PBXSourcesBuildPhase section */
		311FE09E1F7CB3AF00F58B95 /* Sources */ = {
			isa = PBXSourcesBuildPhase;
			buildActionMask = 2147483647;
			files = (
				311FE0BA1F7CB3D600F58B95 /* wrapStdio.c in Sources */,
				311FE0BE1F7CB3D600F58B95 /* wrapSock.c in Sources */,
				311FE0BB1F7CB3D600F58B95 /* wrapUnix.c in Sources */,
				311FE0BD1F7CB3D600F58B95 /* writen.c in Sources */,
				311FE0B91F7CB3D600F58B95 /* signalCustom.c in Sources */,
				311FE0A61F7CB3AF00F58B95 /* main.m in Sources */,
				311FE0BC1F7CB3D600F58B95 /* errorCustom.c in Sources */,
			);
			runOnlyForDeploymentPostprocessing = 0;
		};
/* End PBXSourcesBuildPhase section */

/* Begin XCBuildConfiguration section */
		311FE0A71F7CB3AF00F58B95 /* Debug */ = {
			isa = XCBuildConfiguration;
			buildSettings = {
				ALWAYS_SEARCH_USER_PATHS = NO;
				CLANG_ANALYZER_NONNULL = YES;
				CLANG_ANALYZER_NUMBER_OBJECT_CONVERSION = YES_AGGRESSIVE;
				CLANG_CXX_LANGUAGE_STANDARD = "gnu++14";
				CLANG_CXX_LIBRARY = "libc++";
				CLANG_ENABLE_MODULES = YES;
				CLANG_ENABLE_OBJC_ARC = YES;
				CLANG_WARN_BLOCK_CAPTURE_AUTORELEASING = YES;
				CLANG_WARN_BOOL_CONVERSION = YES;
				CLANG_WARN_COMMA = YES;
				CLANG_WARN_CONSTANT_CONVERSION = YES;
				CLANG_WARN_DIRECT_OBJC_ISA_USAGE = YES_ERROR;
				CLANG_WARN_DOCUMENTATION_COMMENTS = YES;
				CLANG_WARN_EMPTY_BODY = YES;
				CLANG_WARN_ENUM_CONVERSION = YES;
				CLANG_WARN_INFINITE_RECURSION = YES;
				CLANG_WARN_INT_CONVERSION = YES;
				CLANG_WARN_NON_LITERAL_NULL_CONVERSION = YES;
				CLANG_WARN_OBJC_LITERAL_CONVERSION = YES;
				CLANG_WARN_OBJC_ROOT_CLASS = YES_ERROR;
				CLANG_WARN_RANGE_LOOP_ANALYSIS = YES;
				CLANG_WARN_STRICT_PROTOTYPES = YES;
				CLANG_WARN_SUSPICIOUS_MOVE = YES;
				CLANG_WARN_UNGUARDED_AVAILABILITY = YES_AGGRESSIVE;
				CLANG_WARN_UNREACHABLE_CODE = YES;
				CLANG_WARN__DUPLICATE_METHOD_MATCH = YES;
				CODE_SIGN_IDENTITY = "Mac Developer";
				COPY_PHASE_STRIP = NO;
				DEBUG_INFORMATION_FORMAT = dwarf;
				ENABLE_STRICT_OBJC_MSGSEND = YES;
				ENABLE_TESTABILITY = YES;
				GCC_C_LANGUAGE_STANDARD = gnu11;
				GCC_DYNAMIC_NO_PIC = NO;
				GCC_NO_COMMON_BLOCKS = YES;
				GCC_OPTIMIZATION_LEVEL = 0;
				GCC_PREPROCESSOR_DEFINITIONS = (
					"DEBUG=1",
					"$(inherited)",
				);
				GCC_WARN_64_TO_32_BIT_CONVERSION = YES;
				GCC_WARN_ABOUT_RETURN_TYPE = YES_ERROR;
				GCC_WARN_UNDECLARED_SELECTOR = YES;
				GCC_WARN_UNINITIALIZED_AUTOS = YES_AGGRESSIVE;
				GCC_WARN_UNUSED_FUNCTION = YES;
				GCC_WARN_UNUSED_VARIABLE = YES;
				MACOSX_DEPLOYMENT_TARGET = 10.12;
				MTL_ENABLE_DEBUG_INFO = YES;
				ONLY_ACTIVE_ARCH = YES;
				SDKROOT = macosx;
			};
			name = Debug;
		};
		311FE0A81F7CB3AF00F58B95 /* Release */ = {
			isa = XCBuildConfiguration;
			buildSettings = {
				ALWAYS_SEARCH_USER_PATHS = NO;
				CLANG_ANALYZER_NONNULL = YES;
				CLANG_ANALYZER_NUMBER_OBJECT_CONVERSION = YES_AGGRESSIVE;
				CLANG_CXX_LANGUAGE_STANDARD = "gnu++14";
				CLANG_CXX_LIBRARY = "libc++";
				CLANG_ENABLE_MODULES = YES;
				CLANG_ENABLE_OBJC_ARC = YES;
				CLANG_WARN_BLOCK_CAPTURE_AUTORELEASING = YES;
				CLANG_WARN_BOOL_CONVERSION = YES;
				CLANG_WARN_COMMA = YES;
				CLANG_WARN_CONSTANT_CONVERSION = YES;
				CLANG_WARN_DIRECT_OBJC_ISA_USAGE = YES_ERROR;
				CLANG_WARN_DOCUMENTATION_COMMENTS = YES;
				CLANG_WARN_EMPTY_BODY = YES;
				CLANG_WARN_ENUM_CONVERSION = YES;
				CLANG_WARN_INFINITE_RECURSION = YES;
				CLANG_WARN_INT_CONVERSION = YES;
				CLANG_WARN_NON_LITERAL_NULL_CONVERSION = YES;
				CLANG_WARN_OBJC_LITERAL_CONVERSION = YES;
				CLANG_WARN_OBJC_ROOT_CLASS = YES_ERROR;
				CLANG_WARN_RANGE_LOOP_ANALYSIS = YES;
				CLANG_WARN_STRICT_PROTOTYPES = YES;
				CLANG_WARN_SUSPICIOUS_MOVE = YES;
				CLANG_WARN_UNGUARDED_AVAILABILITY = YES_AGGRESSIVE;
				CLANG_WARN_UNREACHABLE_CODE = YES;
				CLANG_WARN__DUPLICATE_METHOD_MATCH = YES;
				CODE_SIGN_IDENTITY = "Mac Developer";
				COPY_PHASE_STRIP = NO;
				DEBUG_INFORMATION_FORMAT = "dwarf-with-dsym";
				ENABLE_NS_ASSERTIONS = NO;
				ENABLE_STRICT_OBJC_MSGSEND = YES;
				GCC_C_LANGUAGE_STANDARD = gnu11;
				GCC_NO_COMMON_BLOCKS = YES;
				GCC_WARN_64_TO_32_BIT_CONVERSION = YES;
				GCC_WARN_ABOUT_RETURN_TYPE = YES_ERROR;
				GCC_WARN_UNDECLARED_SELECTOR = YES;
				GCC_WARN_UNINITIALIZED_AUTOS = YES_AGGRESSIVE;
				GCC_WARN_UNUSED_FUNCTION = YES;
				GCC_WARN_UNUSED_VARIABLE = YES;
				MACOSX_DEPLOYMENT_TARGET = 10.12;
				MTL_ENABLE_DEBUG_INFO = NO;
				SDKROOT = macosx;
			};
			name = Release;
		};
		311FE0AA1F7CB3AF00F58B95 /* Debug */ = {
			isa = XCBuildConfiguration;
			buildSettings = {
				CODE_SIGN_STYLE = Automatic;
				DEVELOPMENT_TEAM = HTD8US8PM8;
				PRODUCT_NAME = "$(TARGET_NAME)";
			};
			name = Debug;
		};
		311FE0AB1F7CB3AF00F58B95 /* Release */ = {
			isa = XCBuildConfiguration;
			buildSettings = {
				CODE_SIGN_STYLE = Automatic;
				DEVELOPMENT_TEAM = HTD8US8PM8;
				PRODUCT_NAME = "$(TARGET_NAME)";
			};
			name = Release;
		};
/* End XCBuildConfiguration section */

/* Begin XCConfigurationList section */
		311FE09D1F7CB3AF00F58B95 /* Build configuration list for PBXProject "getHostByName" */ = {
			isa = XCConfigurationList;
			buildConfigurations = (
				311FE0A71F7CB3AF00F58B95 /* Debug */,
				311FE0A81F7CB3AF00F58B95 /* Release */,
			);
			defaultConfigurationIsVisible = 0;
			defaultConfigurationName = Release;
		};
		311FE0A91F7CB3AF00F58B95 /* Build configuration list for PBXNativeTarget "getHostByName" */ = {
			isa = XCConfigurationList;
			buildConfigurations = (
				311FE0AA1F7CB3AF00F58B95 /* Debug */,
				311FE0AB1F7CB3AF00F58B95 /* Release */,
			);
			defaultConfigurationIsVisible = 0;
			defaultConfigurationName = Release;
		};
/* End XCConfigurationList section */
	};
	rootObject = 311FE09A1F7CB3AF00F58B95 /* Project object */;
}
