// !$*UTF8*$!
{
	archiveVersion = 1;
	classes = {
	};
	objectVersion = 48;
	objects = {

/* Begin PBXBuildFile section */
		315D2D3E1F74C2DD000D2E3F /* main.c in Sources */ = {isa = PBXBuildFile; fileRef = 315D2D3D1F74C2DD000D2E3F /* main.c */; };
		315D2D771F750073000D2E3F /* libUnixLibary.a in Frameworks */ = {isa = PBXBuildFile; fileRef = 315D2D741F74FE74000D2E3F /* libUnixLibary.a */; };
/* End PBXBuildFile section */

/* Begin PBXContainerItemProxy section */
		315D2D731F74FE74000D2E3F /* PBXContainerItemProxy */ = {
			isa = PBXContainerItemProxy;
			containerPortal = 315D2D6F1F74FE74000D2E3F /* UnixLibary.xcodeproj */;
			proxyType = 2;
			remoteGlobalIDString = 315D2D531F74F6A6000D2E3F;
			remoteInfo = UnixLibary;
		};
/* End PBXContainerItemProxy section */

/* Begin PBXCopyFilesBuildPhase section */
		315D2D381F74C2DD000D2E3F /* CopyFiles */ = {
			isa = PBXCopyFilesBuildPhase;
			buildActionMask = 2147483647;
			dstPath = /usr/share/man/man1/;
			dstSubfolderSpec = 0;
			files = (
			);
			runOnlyForDeploymentPostprocessing = 1;
		};
/* End PBXCopyFilesBuildPhase section */

/* Begin PBXFileReference section */
		315D2D3A1F74C2DD000D2E3F /* EchoClientV2 */ = {isa = PBXFileReference; explicitFileType = "compiled.mach-o.executable"; includeInIndex = 0; path = EchoClientV2; sourceTree = BUILT_PRODUCTS_DIR; };
		315D2D3D1F74C2DD000D2E3F /* main.c */ = {isa = PBXFileReference; lastKnownFileType = sourcecode.c.c; path = main.c; sourceTree = "<group>"; };
		315D2D6F1F74FE74000D2E3F /* UnixLibary.xcodeproj */ = {isa = PBXFileReference; lastKnownFileType = "wrapper.pb-project"; name = UnixLibary.xcodeproj; path = ../../UnixLibary/UnixLibary.xcodeproj; sourceTree = "<group>"; };
/* End PBXFileReference section */

/* Begin PBXFrameworksBuildPhase section */
		315D2D371F74C2DD000D2E3F /* Frameworks */ = {
			isa = PBXFrameworksBuildPhase;
			buildActionMask = 2147483647;
			files = (
				315D2D771F750073000D2E3F /* libUnixLibary.a in Frameworks */,
			);
			runOnlyForDeploymentPostprocessing = 0;
		};
/* End PBXFrameworksBuildPhase section */

/* Begin PBXGroup section */
		315D2D311F74C2DD000D2E3F = {
			isa = PBXGroup;
			children = (
				315D2D6F1F74FE74000D2E3F /* UnixLibary.xcodeproj */,
				315D2D3C1F74C2DD000D2E3F /* EchoClientV2 */,
				315D2D3B1F74C2DD000D2E3F /* Products */,
				315D2D751F74FF1D000D2E3F /* Frameworks */,
			);
			sourceTree = "<group>";
		};
		315D2D3B1F74C2DD000D2E3F /* Products */ = {
			isa = PBXGroup;
			children = (
				315D2D3A1F74C2DD000D2E3F /* EchoClientV2 */,
			);
			name = Products;
			sourceTree = "<group>";
		};
		315D2D3C1F74C2DD000D2E3F /* EchoClientV2 */ = {
			isa = PBXGroup;
			children = (
				315D2D3D1F74C2DD000D2E3F /* main.c */,
			);
			path = EchoClientV2;
			sourceTree = "<group>";
		};
		315D2D701F74FE74000D2E3F /* Products */ = {
			isa = PBXGroup;
			children = (
				315D2D741F74FE74000D2E3F /* libUnixLibary.a */,
			);
			name = Products;
			sourceTree = "<group>";
		};
		315D2D751F74FF1D000D2E3F /* Frameworks */ = {
			isa = PBXGroup;
			children = (
			);
			name = Frameworks;
			sourceTree = "<group>";
		};
/* End PBXGroup section */

/* Begin PBXNativeTarget section */
		315D2D391F74C2DD000D2E3F /* EchoClientV2 */ = {
			isa = PBXNativeTarget;
			buildConfigurationList = 315D2D411F74C2DD000D2E3F /* Build configuration list for PBXNativeTarget "EchoClientV2" */;
			buildPhases = (
				315D2D361F74C2DD000D2E3F /* Sources */,
				315D2D371F74C2DD000D2E3F /* Frameworks */,
				315D2D381F74C2DD000D2E3F /* CopyFiles */,
			);
			buildRules = (
			);
			dependencies = (
			);
			name = EchoClientV2;
			productName = EchoClientV2;
			productReference = 315D2D3A1F74C2DD000D2E3F /* EchoClientV2 */;
			productType = "com.apple.product-type.tool";
		};
/* End PBXNativeTarget section */

/* Begin PBXProject section */
		315D2D321F74C2DD000D2E3F /* Project object */ = {
			isa = PBXProject;
			attributes = {
				LastUpgradeCheck = 0900;
				ORGANIZATIONNAME = mySelf;
				TargetAttributes = {
					315D2D391F74C2DD000D2E3F = {
						CreatedOnToolsVersion = 9.0;
						ProvisioningStyle = Automatic;
					};
				};
			};
			buildConfigurationList = 315D2D351F74C2DD000D2E3F /* Build configuration list for PBXProject "EchoClientV2" */;
			compatibilityVersion = "Xcode 8.0";
			developmentRegion = en;
			hasScannedForEncodings = 0;
			knownRegions = (
				en,
			);
			mainGroup = 315D2D311F74C2DD000D2E3F;
			productRefGroup = 315D2D3B1F74C2DD000D2E3F /* Products */;
			projectDirPath = "";
			projectReferences = (
				{
					ProductGroup = 315D2D701F74FE74000D2E3F /* Products */;
					ProjectRef = 315D2D6F1F74FE74000D2E3F /* UnixLibary.xcodeproj */;
				},
			);
			projectRoot = "";
			targets = (
				315D2D391F74C2DD000D2E3F /* EchoClientV2 */,
			);
		};
/* End PBXProject section */

/* Begin PBXReferenceProxy section */
		315D2D741F74FE74000D2E3F /* libUnixLibary.a */ = {
			isa = PBXReferenceProxy;
			fileType = archive.ar;
			path = libUnixLibary.a;
			remoteRef = 315D2D731F74FE74000D2E3F /* PBXContainerItemProxy */;
			sourceTree = BUILT_PRODUCTS_DIR;
		};
/* End PBXReferenceProxy section */

/* Begin PBXSourcesBuildPhase section */
		315D2D361F74C2DD000D2E3F /* Sources */ = {
			isa = PBXSourcesBuildPhase;
			buildActionMask = 2147483647;
			files = (
				315D2D3E1F74C2DD000D2E3F /* main.c in Sources */,
			);
			runOnlyForDeploymentPostprocessing = 0;
		};
/* End PBXSourcesBuildPhase section */

/* Begin XCBuildConfiguration section */
		315D2D3F1F74C2DD000D2E3F /* Debug */ = {
			isa = XCBuildConfiguration;
			buildSettings = {
				ALWAYS_SEARCH_USER_PATHS = NO;
				CLANG_ANALYZER_NONNULL = YES;
				CLANG_ANALYZER_NUMBER_OBJECT_CONVERSION = YES_AGGRESSIVE;
				CLANG_CXX_LANGUAGE_STANDARD = "gnu++14";
				CLANG_CXX_LIBRARY = "libc++";
				CLANG_ENABLE_MODULES = YES;
				CLANG_ENABLE_OBJC_ARC = YES;
				CLANG_WARN_BLOCK_CAPTURE_AUTORELEASING = YES;
				CLANG_WARN_BOOL_CONVERSION = YES;
				CLANG_WARN_COMMA = YES;
				CLANG_WARN_CONSTANT_CONVERSION = YES;
				CLANG_WARN_DIRECT_OBJC_ISA_USAGE = YES_ERROR;
				CLANG_WARN_DOCUMENTATION_COMMENTS = YES;
				CLANG_WARN_EMPTY_BODY = YES;
				CLANG_WARN_ENUM_CONVERSION = YES;
				CLANG_WARN_INFINITE_RECURSION = YES;
				CLANG_WARN_INT_CONVERSION = YES;
				CLANG_WARN_NON_LITERAL_NULL_CONVERSION = YES;
				CLANG_WARN_OBJC_LITERAL_CONVERSION = YES;
				CLANG_WARN_OBJC_ROOT_CLASS = YES_ERROR;
				CLANG_WARN_RANGE_LOOP_ANALYSIS = YES;
				CLANG_WARN_STRICT_PROTOTYPES = YES;
				CLANG_WARN_SUSPICIOUS_MOVE = YES;
				CLANG_WARN_UNGUARDED_AVAILABILITY = YES_AGGRESSIVE;
				CLANG_WARN_UNREACHABLE_CODE = YES;
				CLANG_WARN__DUPLICATE_METHOD_MATCH = YES;
				CODE_SIGN_IDENTITY = "Mac Developer";
				COPY_PHASE_STRIP = NO;
				DEBUG_INFORMATION_FORMAT = dwarf;
				ENABLE_STRICT_OBJC_MSGSEND = YES;
				ENABLE_TESTABILITY = YES;
				GCC_C_LANGUAGE_STANDARD = gnu11;
				GCC_DYNAMIC_NO_PIC = NO;
				GCC_NO_COMMON_BLOCKS = YES;
				GCC_OPTIMIZATION_LEVEL = 0;
				GCC_PREPROCESSOR_DEFINITIONS = (
					"DEBUG=1",
					"$(inherited)",
				);
				GCC_WARN_64_TO_32_BIT_CONVERSION = YES;
				GCC_WARN_ABOUT_RETURN_TYPE = YES_ERROR;
				GCC_WARN_UNDECLARED_SELECTOR = YES;
				GCC_WARN_UNINITIALIZED_AUTOS = YES_AGGRESSIVE;
				GCC_WARN_UNUSED_FUNCTION = YES;
				GCC_WARN_UNUSED_VARIABLE = YES;
				HEADER_SEARCH_PATHS = "${PROJECT_DIR}/../UnixLibary/UnixLibary/**";
				MACOSX_DEPLOYMENT_TARGET = 10.12;
				MTL_ENABLE_DEBUG_INFO = YES;
				ONLY_ACTIVE_ARCH = YES;
				SDKROOT = macosx;
			};
			name = Debug;
		};
		315D2D401F74C2DD000D2E3F /* Release */ = {
			isa = XCBuildConfiguration;
			buildSettings = {
				ALWAYS_SEARCH_USER_PATHS = NO;
				CLANG_ANALYZER_NONNULL = YES;
				CLANG_ANALYZER_NUMBER_OBJECT_CONVERSION = YES_AGGRESSIVE;
				CLANG_CXX_LANGUAGE_STANDARD = "gnu++14";
				CLANG_CXX_LIBRARY = "libc++";
				CLANG_ENABLE_MODULES = YES;
				CLANG_ENABLE_OBJC_ARC = YES;
				CLANG_WARN_BLOCK_CAPTURE_AUTORELEASING = YES;
				CLANG_WARN_BOOL_CONVERSION = YES;
				CLANG_WARN_COMMA = YES;
				CLANG_WARN_CONSTANT_CONVERSION = YES;
				CLANG_WARN_DIRECT_OBJC_ISA_USAGE = YES_ERROR;
				CLANG_WARN_DOCUMENTATION_COMMENTS = YES;
				CLANG_WARN_EMPTY_BODY = YES;
				CLANG_WARN_ENUM_CONVERSION = YES;
				CLANG_WARN_INFINITE_RECURSION = YES;
				CLANG_WARN_INT_CONVERSION = YES;
				CLANG_WARN_NON_LITERAL_NULL_CONVERSION = YES;
				CLANG_WARN_OBJC_LITERAL_CONVERSION = YES;
				CLANG_WARN_OBJC_ROOT_CLASS = YES_ERROR;
				CLANG_WARN_RANGE_LOOP_ANALYSIS = YES;
				CLANG_WARN_STRICT_PROTOTYPES = YES;
				CLANG_WARN_SUSPICIOUS_MOVE = YES;
				CLANG_WARN_UNGUARDED_AVAILABILITY = YES_AGGRESSIVE;
				CLANG_WARN_UNREACHABLE_CODE = YES;
				CLANG_WARN__DUPLICATE_METHOD_MATCH = YES;
				CODE_SIGN_IDENTITY = "Mac Developer";
				COPY_PHASE_STRIP = NO;
				DEBUG_INFORMATION_FORMAT = "dwarf-with-dsym";
				ENABLE_NS_ASSERTIONS = NO;
				ENABLE_STRICT_OBJC_MSGSEND = YES;
				GCC_C_LANGUAGE_STANDARD = gnu11;
				GCC_NO_COMMON_BLOCKS = YES;
				GCC_WARN_64_TO_32_BIT_CONVERSION = YES;
				GCC_WARN_ABOUT_RETURN_TYPE = YES_ERROR;
				GCC_WARN_UNDECLARED_SELECTOR = YES;
				GCC_WARN_UNINITIALIZED_AUTOS = YES_AGGRESSIVE;
				GCC_WARN_UNUSED_FUNCTION = YES;
				GCC_WARN_UNUSED_VARIABLE = YES;
				HEADER_SEARCH_PATHS = "${PROJECT_DIR}/../UnixLibary/UnixLibary/**";
				MACOSX_DEPLOYMENT_TARGET = 10.12;
				MTL_ENABLE_DEBUG_INFO = NO;
				SDKROOT = macosx;
			};
			name = Release;
		};
		315D2D421F74C2DD000D2E3F /* Debug */ = {
			isa = XCBuildConfiguration;
			buildSettings = {
				CODE_SIGN_STYLE = Automatic;
				DEVELOPMENT_TEAM = HTD8US8PM8;
				HEADER_SEARCH_PATHS = "${PROJECT_DIR}/../../UnixLibary/**";
				PRODUCT_NAME = "$(TARGET_NAME)";
			};
			name = Debug;
		};
		315D2D431F74C2DD000D2E3F /* Release */ = {
			isa = XCBuildConfiguration;
			buildSettings = {
				CODE_SIGN_STYLE = Automatic;
				DEVELOPMENT_TEAM = HTD8US8PM8;
				HEADER_SEARCH_PATHS = "${PROJECT_DIR}/../../UnixLibary/**";
				PRODUCT_NAME = "$(TARGET_NAME)";
			};
			name = Release;
		};
/* End XCBuildConfiguration section */

/* Begin XCConfigurationList section */
		315D2D351F74C2DD000D2E3F /* Build configuration list for PBXProject "EchoClientV2" */ = {
			isa = XCConfigurationList;
			buildConfigurations = (
				315D2D3F1F74C2DD000D2E3F /* Debug */,
				315D2D401F74C2DD000D2E3F /* Release */,
			);
			defaultConfigurationIsVisible = 0;
			defaultConfigurationName = Release;
		};
		315D2D411F74C2DD000D2E3F /* Build configuration list for PBXNativeTarget "EchoClientV2" */ = {
			isa = XCConfigurationList;
			buildConfigurations = (
				315D2D421F74C2DD000D2E3F /* Debug */,
				315D2D431F74C2DD000D2E3F /* Release */,
			);
			defaultConfigurationIsVisible = 0;
			defaultConfigurationName = Release;
		};
/* End XCConfigurationList section */
	};
	rootObject = 315D2D321F74C2DD000D2E3F /* Project object */;
}
