// !$*UTF8*$!
{
	archiveVersion = 1;
	classes = {
	};
	objectVersion = 48;
	objects = {

/* Begin PBXBuildFile section */
		315D2D3E1F74C2DD000D2E3F /* main.c in Sources */ = {isa = PBXBuildFile; fileRef = 315D2D3D1F74C2DD000D2E3F /* main.c */; };
		318E6E3F1F7BA40400E82D0E /* errorCustom.c in Sources */ = {isa = PBXBuildFile; fileRef = 318E6E321F7BA40400E82D0E /* errorCustom.c */; };
		318E6E401F7BA40400E82D0E /* signalCustom.c in Sources */ = {isa = PBXBuildFile; fileRef = 318E6E341F7BA40400E82D0E /* signalCustom.c */; };
		318E6E411F7BA40400E82D0E /* wrapSock.c in Sources */ = {isa = PBXBuildFile; fileRef = 318E6E371F7BA40400E82D0E /* wrapSock.c */; };
		318E6E421F7BA40400E82D0E /* wrapStdio.c in Sources */ = {isa = PBXBuildFile; fileRef = 318E6E391F7BA40400E82D0E /* wrapStdio.c */; };
		318E6E431F7BA40400E82D0E /* wrapUnix.c in Sources */ = {isa = PBXBuildFile; fileRef = 318E6E3B1F7BA40400E82D0E /* wrapUnix.c */; };
		318E6E441F7BA40400E82D0E /* writen.c in Sources */ = {isa = PBXBuildFile; fileRef = 318E6E3D1F7BA40400E82D0E /* writen.c */; };
/* End PBXBuildFile section */

/* Begin PBXCopyFilesBuildPhase section */
		315D2D381F74C2DD000D2E3F /* CopyFiles */ = {
			isa = PBXCopyFilesBuildPhase;
			buildActionMask = 2147483647;
			dstPath = /usr/share/man/man1/;
			dstSubfolderSpec = 0;
			files = (
			);
			runOnlyForDeploymentPostprocessing = 1;
		};
/* End PBXCopyFilesBuildPhase section */

/* Begin PBXFileReference section */
		315D2D3A1F74C2DD000D2E3F /* EchoClientV2 */ = {isa = PBXFileReference; explicitFileType = "compiled.mach-o.executable"; includeInIndex = 0; path = EchoClientV2; sourceTree = BUILT_PRODUCTS_DIR; };
		315D2D3D1F74C2DD000D2E3F /* main.c */ = {isa = PBXFileReference; lastKnownFileType = sourcecode.c.c; path = main.c; sourceTree = "<group>"; };
		318E6E321F7BA40400E82D0E /* errorCustom.c */ = {isa = PBXFileReference; fileEncoding = 4; lastKnownFileType = sourcecode.c.c; name = errorCustom.c; path = ../../../Public/errorCustom.c; sourceTree = "<group>"; };
		318E6E331F7BA40400E82D0E /* errorCustom.h */ = {isa = PBXFileReference; fileEncoding = 4; lastKnownFileType = sourcecode.c.h; name = errorCustom.h; path = ../../../Public/errorCustom.h; sourceTree = "<group>"; };
		318E6E341F7BA40400E82D0E /* signalCustom.c */ = {isa = PBXFileReference; fileEncoding = 4; lastKnownFileType = sourcecode.c.c; name = signalCustom.c; path = ../../../Public/signalCustom.c; sourceTree = "<group>"; };
		318E6E351F7BA40400E82D0E /* signalCustom.h */ = {isa = PBXFileReference; fileEncoding = 4; lastKnownFileType = sourcecode.c.h; name = signalCustom.h; path = ../../../Public/signalCustom.h; sourceTree = "<group>"; };
		318E6E361F7BA40400E82D0E /* unp.h */ = {isa = PBXFileReference; fileEncoding = 4; lastKnownFileType = sourcecode.c.h; name = unp.h; path = ../../../Public/unp.h; sourceTree = "<group>"; };
		318E6E371F7BA40400E82D0E /* wrapSock.c */ = {isa = PBXFileReference; fileEncoding = 4; lastKnownFileType = sourcecode.c.c; name = wrapSock.c; path = ../../../Public/wrapSock.c; sourceTree = "<group>"; };
		318E6E381F7BA40400E82D0E /* wrapSock.h */ = {isa = PBXFileReference; fileEncoding = 4; lastKnownFileType = sourcecode.c.h; name = wrapSock.h; path = ../../../Public/wrapSock.h; sourceTree = "<group>"; };
		318E6E391F7BA40400E82D0E /* wrapStdio.c */ = {isa = PBXFileReference; fileEncoding = 4; lastKnownFileType = sourcecode.c.c; name = wrapStdio.c; path = ../../../Public/wrapStdio.c; sourceTree = "<group>"; };
		318E6E3A1F7BA40400E82D0E /* wrapStdio.h */ = {isa = PBXFileReference; fileEncoding = 4; lastKnownFileType = sourcecode.c.h; name = wrapStdio.h; path = ../../../Public/wrapStdio.h; sourceTree = "<group>"; };
		318E6E3B1F7BA40400E82D0E /* wrapUnix.c */ = {isa = PBXFileReference; fileEncoding = 4; lastKnownFileType = sourcecode.c.c; name = wrapUnix.c; path = ../../../Public/wrapUnix.c; sourceTree = "<group>"; };
		318E6E3C1F7BA40400E82D0E /* wrapUnix.h */ = {isa = PBXFileReference; fileEncoding = 4; lastKnownFileType = sourcecode.c.h; name = wrapUnix.h; path = ../../../Public/wrapUnix.h; sourceTree = "<group>"; };
		318E6E3D1F7BA40400E82D0E /* writen.c */ = {isa = PBXFileReference; fileEncoding = 4; lastKnownFileType = sourcecode.c.c; name = writen.c; path = ../../../Public/writen.c; sourceTree = "<group>"; };
		318E6E3E1F7BA40400E82D0E /* writen.h */ = {isa = PBXFileReference; fileEncoding = 4; lastKnownFileType = sourcecode.c.h; name = writen.h; path = ../../../Public/writen.h; sourceTree = "<group>"; };
/* End PBXFileReference section */

/* Begin PBXFrameworksBuildPhase section */
		315D2D371F74C2DD000D2E3F /* Frameworks */ = {
			isa = PBXFrameworksBuildPhase;
			buildActionMask = 2147483647;
			files = (
			);
			runOnlyForDeploymentPostprocessing = 0;
		};
/* End PBXFrameworksBuildPhase section */

/* Begin PBXGroup section */
		315D2D311F74C2DD000D2E3F = {
			isa = PBXGroup;
			children = (
				318E6E321F7BA40400E82D0E /* errorCustom.c */,
				318E6E331F7BA40400E82D0E /* errorCustom.h */,
				318E6E341F7BA40400E82D0E /* signalCustom.c */,
				318E6E351F7BA40400E82D0E /* signalCustom.h */,
				318E6E361F7BA40400E82D0E /* unp.h */,
				318E6E371F7BA40400E82D0E /* wrapSock.c */,
				318E6E381F7BA40400E82D0E /* wrapSock.h */,
				318E6E391F7BA40400E82D0E /* wrapStdio.c */,
				318E6E3A1F7BA40400E82D0E /* wrapStdio.h */,
				318E6E3B1F7BA40400E82D0E /* wrapUnix.c */,
				318E6E3C1F7BA40400E82D0E /* wrapUnix.h */,
				318E6E3D1F7BA40400E82D0E /* writen.c */,
				318E6E3E1F7BA40400E82D0E /* writen.h */,
				315D2D3C1F74C2DD000D2E3F /* EchoClientV2 */,
				315D2D3B1F74C2DD000D2E3F /* Products */,
				315D2D751F74FF1D000D2E3F /* Frameworks */,
			);
			sourceTree = "<group>";
		};
		315D2D3B1F74C2DD000D2E3F /* Products */ = {
			isa = PBXGroup;
			children = (
				315D2D3A1F74C2DD000D2E3F /* EchoClientV2 */,
			);
			name = Products;
			sourceTree = "<group>";
		};
		315D2D3C1F74C2DD000D2E3F /* EchoClientV2 */ = {
			isa = PBXGroup;
			children = (
				315D2D3D1F74C2DD000D2E3F /* main.c */,
			);
			path = EchoClientV2;
			sourceTree = "<group>";
		};
		315D2D751F74FF1D000D2E3F /* Frameworks */ = {
			isa = PBXGroup;
			children = (
			);
			name = Frameworks;
			sourceTree = "<group>";
		};
/* End PBXGroup section */

/* Begin PBXNativeTarget section */
		315D2D391F74C2DD000D2E3F /* EchoClientV2 */ = {
			isa = PBXNativeTarget;
			buildConfigurationList = 315D2D411F74C2DD000D2E3F /* Build configuration list for PBXNativeTarget "EchoClientV2" */;
			buildPhases = (
				315D2D361F74C2DD000D2E3F /* Sources */,
				315D2D371F74C2DD000D2E3F /* Frameworks */,
				315D2D381F74C2DD000D2E3F /* CopyFiles */,
			);
			buildRules = (
			);
			dependencies = (
			);
			name = EchoClientV2;
			productName = EchoClientV2;
			productReference = 315D2D3A1F74C2DD000D2E3F /* EchoClientV2 */;
			productType = "com.apple.product-type.tool";
		};
/* End PBXNativeTarget section */

/* Begin PBXProject section */
		315D2D321F74C2DD000D2E3F /* Project object */ = {
			isa = PBXProject;
			attributes = {
				LastUpgradeCheck = 0900;
				ORGANIZATIONNAME = mySelf;
				TargetAttributes = {
					315D2D391F74C2DD000D2E3F = {
						CreatedOnToolsVersion = 9.0;
						ProvisioningStyle = Automatic;
					};
				};
			};
			buildConfigurationList = 315D2D351F74C2DD000D2E3F /* Build configuration list for PBXProject "EchoClientV2" */;
			compatibilityVersion = "Xcode 8.0";
			developmentRegion = en;
			hasScannedForEncodings = 0;
			knownRegions = (
				en,
			);
			mainGroup = 315D2D311F74C2DD000D2E3F;
			productRefGroup = 315D2D3B1F74C2DD000D2E3F /* Products */;
			projectDirPath = "";
			projectRoot = "";
			targets = (
				315D2D391F74C2DD000D2E3F /* EchoClientV2 */,
			);
		};
/* End PBXProject section */

/* Begin PBXSourcesBuildPhase section */
		315D2D361F74C2DD000D2E3F /* Sources */ = {
			isa = PBXSourcesBuildPhase;
			buildActionMask = 2147483647;
			files = (
				318E6E421F7BA40400E82D0E /* wrapStdio.c in Sources */,
				318E6E401F7BA40400E82D0E /* signalCustom.c in Sources */,
				318E6E441F7BA40400E82D0E /* writen.c in Sources */,
				318E6E411F7BA40400E82D0E /* wrapSock.c in Sources */,
				315D2D3E1F74C2DD000D2E3F /* main.c in Sources */,
				318E6E3F1F7BA40400E82D0E /* errorCustom.c in Sources */,
				318E6E431F7BA40400E82D0E /* wrapUnix.c in Sources */,
			);
			runOnlyForDeploymentPostprocessing = 0;
		};
/* End PBXSourcesBuildPhase section */

/* Begin XCBuildConfiguration section */
		315D2D3F1F74C2DD000D2E3F /* Debug */ = {
			isa = XCBuildConfiguration;
			buildSettings = {
				ALWAYS_SEARCH_USER_PATHS = NO;
				CLANG_ANALYZER_NONNULL = YES;
				CLANG_ANALYZER_NUMBER_OBJECT_CONVERSION = YES_AGGRESSIVE;
				CLANG_CXX_LANGUAGE_STANDARD = "gnu++14";
				CLANG_CXX_LIBRARY = "libc++";
				CLANG_ENABLE_MODULES = YES;
				CLANG_ENABLE_OBJC_ARC = YES;
				CLANG_WARN_BLOCK_CAPTURE_AUTORELEASING = YES;
				CLANG_WARN_BOOL_CONVERSION = YES;
				CLANG_WARN_COMMA = YES;
				CLANG_WARN_CONSTANT_CONVERSION = YES;
				CLANG_WARN_DIRECT_OBJC_ISA_USAGE = YES_ERROR;
				CLANG_WARN_DOCUMENTATION_COMMENTS = YES;
				CLANG_WARN_EMPTY_BODY = YES;
				CLANG_WARN_ENUM_CONVERSION = YES;
				CLANG_WARN_INFINITE_RECURSION = YES;
				CLANG_WARN_INT_CONVERSION = YES;
				CLANG_WARN_NON_LITERAL_NULL_CONVERSION = YES;
				CLANG_WARN_OBJC_LITERAL_CONVERSION = YES;
				CLANG_WARN_OBJC_ROOT_CLASS = YES_ERROR;
				CLANG_WARN_RANGE_LOOP_ANALYSIS = YES;
				CLANG_WARN_STRICT_PROTOTYPES = YES;
				CLANG_WARN_SUSPICIOUS_MOVE = YES;
				CLANG_WARN_UNGUARDED_AVAILABILITY = YES_AGGRESSIVE;
				CLANG_WARN_UNREACHABLE_CODE = YES;
				CLANG_WARN__DUPLICATE_METHOD_MATCH = YES;
				CODE_SIGN_IDENTITY = "Mac Developer";
				COPY_PHASE_STRIP = NO;
				DEBUG_INFORMATION_FORMAT = dwarf;
				ENABLE_STRICT_OBJC_MSGSEND = YES;
				ENABLE_TESTABILITY = YES;
				GCC_C_LANGUAGE_STANDARD = gnu11;
				GCC_DYNAMIC_NO_PIC = NO;
				GCC_NO_COMMON_BLOCKS = YES;
				GCC_OPTIMIZATION_LEVEL = 0;
				GCC_PREPROCESSOR_DEFINITIONS = (
					"DEBUG=1",
					"$(inherited)",
				);
				GCC_WARN_64_TO_32_BIT_CONVERSION = YES;
				GCC_WARN_ABOUT_RETURN_TYPE = YES_ERROR;
				GCC_WARN_UNDECLARED_SELECTOR = YES;
				GCC_WARN_UNINITIALIZED_AUTOS = YES_AGGRESSIVE;
				GCC_WARN_UNUSED_FUNCTION = YES;
				GCC_WARN_UNUSED_VARIABLE = YES;
				HEADER_SEARCH_PATHS = "${PROJECT_DIR}/../UnixLibary/UnixLibary/**";
				MACOSX_DEPLOYMENT_TARGET = 10.6;
				MTL_ENABLE_DEBUG_INFO = YES;
				ONLY_ACTIVE_ARCH = YES;
				SDKROOT = macosx;
			};
			name = Debug;
		};
		315D2D401F74C2DD000D2E3F /* Release */ = {
			isa = XCBuildConfiguration;
			buildSettings = {
				ALWAYS_SEARCH_USER_PATHS = NO;
				CLANG_ANALYZER_NONNULL = YES;
				CLANG_ANALYZER_NUMBER_OBJECT_CONVERSION = YES_AGGRESSIVE;
				CLANG_CXX_LANGUAGE_STANDARD = "gnu++14";
				CLANG_CXX_LIBRARY = "libc++";
				CLANG_ENABLE_MODULES = YES;
				CLANG_ENABLE_OBJC_ARC = YES;
				CLANG_WARN_BLOCK_CAPTURE_AUTORELEASING = YES;
				CLANG_WARN_BOOL_CONVERSION = YES;
				CLANG_WARN_COMMA = YES;
				CLANG_WARN_CONSTANT_CONVERSION = YES;
				CLANG_WARN_DIRECT_OBJC_ISA_USAGE = YES_ERROR;
				CLANG_WARN_DOCUMENTATION_COMMENTS = YES;
				CLANG_WARN_EMPTY_BODY = YES;
				CLANG_WARN_ENUM_CONVERSION = YES;
				CLANG_WARN_INFINITE_RECURSION = YES;
				CLANG_WARN_INT_CONVERSION = YES;
				CLANG_WARN_NON_LITERAL_NULL_CONVERSION = YES;
				CLANG_WARN_OBJC_LITERAL_CONVERSION = YES;
				CLANG_WARN_OBJC_ROOT_CLASS = YES_ERROR;
				CLANG_WARN_RANGE_LOOP_ANALYSIS = YES;
				CLANG_WARN_STRICT_PROTOTYPES = YES;
				CLANG_WARN_SUSPICIOUS_MOVE = YES;
				CLANG_WARN_UNGUARDED_AVAILABILITY = YES_AGGRESSIVE;
				CLANG_WARN_UNREACHABLE_CODE = YES;
				CLANG_WARN__DUPLICATE_METHOD_MATCH = YES;
				CODE_SIGN_IDENTITY = "Mac Developer";
				COPY_PHASE_STRIP = NO;
				DEBUG_INFORMATION_FORMAT = "dwarf-with-dsym";
				ENABLE_NS_ASSERTIONS = NO;
				ENABLE_STRICT_OBJC_MSGSEND = YES;
				GCC_C_LANGUAGE_STANDARD = gnu11;
				GCC_NO_COMMON_BLOCKS = YES;
				GCC_WARN_64_TO_32_BIT_CONVERSION = YES;
				GCC_WARN_ABOUT_RETURN_TYPE = YES_ERROR;
				GCC_WARN_UNDECLARED_SELECTOR = YES;
				GCC_WARN_UNINITIALIZED_AUTOS = YES_AGGRESSIVE;
				GCC_WARN_UNUSED_FUNCTION = YES;
				GCC_WARN_UNUSED_VARIABLE = YES;
				HEADER_SEARCH_PATHS = "${PROJECT_DIR}/../UnixLibary/UnixLibary/**";
				MACOSX_DEPLOYMENT_TARGET = 10.6;
				MTL_ENABLE_DEBUG_INFO = NO;
				SDKROOT = macosx;
			};
			name = Release;
		};
		315D2D421F74C2DD000D2E3F /* Debug */ = {
			isa = XCBuildConfiguration;
			buildSettings = {
				CODE_SIGN_STYLE = Automatic;
				DEVELOPMENT_TEAM = HTD8US8PM8;
				HEADER_SEARCH_PATHS = (
					"${PROJECT_DIR}/../../UnixLibary/**",
					"${PROJECT_DIR}/../../Public",
				);
				PRODUCT_NAME = "$(TARGET_NAME)";
			};
			name = Debug;
		};
		315D2D431F74C2DD000D2E3F /* Release */ = {
			isa = XCBuildConfiguration;
			buildSettings = {
				CODE_SIGN_STYLE = Automatic;
				DEVELOPMENT_TEAM = HTD8US8PM8;
				HEADER_SEARCH_PATHS = (
					"${PROJECT_DIR}/../../UnixLibary/**",
					"${PROJECT_DIR}/../../Public",
				);
				PRODUCT_NAME = "$(TARGET_NAME)";
			};
			name = Release;
		};
/* End XCBuildConfiguration section */

/* Begin XCConfigurationList section */
		315D2D351F74C2DD000D2E3F /* Build configuration list for PBXProject "EchoClientV2" */ = {
			isa = XCConfigurationList;
			buildConfigurations = (
				315D2D3F1F74C2DD000D2E3F /* Debug */,
				315D2D401F74C2DD000D2E3F /* Release */,
			);
			defaultConfigurationIsVisible = 0;
			defaultConfigurationName = Release;
		};
		315D2D411F74C2DD000D2E3F /* Build configuration list for PBXNativeTarget "EchoClientV2" */ = {
			isa = XCConfigurationList;
			buildConfigurations = (
				315D2D421F74C2DD000D2E3F /* Debug */,
				315D2D431F74C2DD000D2E3F /* Release */,
			);
			defaultConfigurationIsVisible = 0;
			defaultConfigurationName = Release;
		};
/* End XCConfigurationList section */
	};
	rootObject = 315D2D321F74C2DD000D2E3F /* Project object */;
}
